
Microsoft Visual Studio Solution File, Format Version 12.00
# Visual Studio Version 17
VisualStudioVersion = 17.3.32901.215
MinimumVisualStudioVersion = 10.0.40219.1
Project("{FAE04EC0-301F-11D3-BF4B-00C04F79EFBC}") = "PSWM_backend", "PSWM_backend\PSWM_backend.csproj", "{9EE26947-6954-4BC8-8B31-B92F8E90A7E1}"
EndProject
Project("{E53339B2-1760-4266-BCC7-CA923CBCF16C}") = "docker-compose", "docker-compose.dcproj", "{97D81948-1CBE-4800-BD08-457030A59380}"
EndProject
Global
	GlobalSection(SolutionConfigurationPlatforms) = preSolution
		Debug|Any CPU = Debug|Any CPU
		Release|Any CPU = Release|Any CPU
	EndGlobalSection
	GlobalSection(ProjectConfigurationPlatforms) = postSolution
		{9EE26947-6954-4BC8-8B31-B92F8E90A7E1}.Debug|Any CPU.ActiveCfg = Debug|Any CPU
		{9EE26947-6954-4BC8-8B31-B92F8E90A7E1}.Debug|Any CPU.Build.0 = Debug|Any CPU
		{9EE26947-6954-4BC8-8B31-B92F8E90A7E1}.Release|Any CPU.ActiveCfg = Release|Any CPU
		{9EE26947-6954-4BC8-8B31-B92F8E90A7E1}.Release|Any CPU.Build.0 = Release|Any CPU
		{97D81948-1CBE-4800-BD08-457030A59380}.Debug|Any CPU.ActiveCfg = Debug|Any CPU
		{97D81948-1CBE-4800-BD08-457030A59380}.Debug|Any CPU.Build.0 = Debug|Any CPU
		{97D81948-1CBE-4800-BD08-457030A59380}.Release|Any CPU.ActiveCfg = Release|Any CPU
		{97D81948-1CBE-4800-BD08-457030A59380}.Release|Any CPU.Build.0 = Release|Any CPU
	EndGlobalSection
	GlobalSection(SolutionProperties) = preSolution
		HideSolutionNode = FALSE
	EndGlobalSection
	GlobalSection(ExtensibilityGlobals) = postSolution
		SolutionGuid = {7FB2B12D-79B0-47AF-9D8D-F24724BAA289}
	EndGlobalSection
EndGlobal
